// !$*UTF8*$!
{
	archiveVersion = 1;
	classes = {
	};
	objectVersion = 51;
	objects = {

/* Begin PBXBuildFile section */
		BD17050124851CDE00FD84FE /* GoogleService-Info.plist in Resources */ = {isa = PBXBuildFile; fileRef = BD17050024851CDD00FD84FE /* GoogleService-Info.plist */; };
		BD1AA63824A0CEC8005E8F89 /* Identifider.swift in Sources */ = {isa = PBXBuildFile; fileRef = BD1AA63724A0CEC8005E8F89 /* Identifider.swift */; };
		BD1AA63B24A0D2F1005E8F89 /* DateExtension.swift in Sources */ = {isa = PBXBuildFile; fileRef = BD1AA63A24A0D2F1005E8F89 /* DateExtension.swift */; };
		BD491FD6249CD574004E083E /* MessageType.swift in Sources */ = {isa = PBXBuildFile; fileRef = BD491FD5249CD574004E083E /* MessageType.swift */; };
		BD693EE2245844130093F643 /* BaseStoryBoard.swift in Sources */ = {isa = PBXBuildFile; fileRef = BD693EE1245844130093F643 /* BaseStoryBoard.swift */; };
		BD73BA9A2493A78A001A62D6 /* Channel.swift in Sources */ = {isa = PBXBuildFile; fileRef = BD73BA992493A78A001A62D6 /* Channel.swift */; };
		BD87FD9E24CEDE3600D63221 /* NetworkConfig.swift in Sources */ = {isa = PBXBuildFile; fileRef = BD87FD9D24CEDE3600D63221 /* NetworkConfig.swift */; };
		BD87FDA024CEDFDC00D63221 /* JsonCode.swift in Sources */ = {isa = PBXBuildFile; fileRef = BD87FD9F24CEDFDC00D63221 /* JsonCode.swift */; };
		BD87FDA224CEE04000D63221 /* API.swift in Sources */ = {isa = PBXBuildFile; fileRef = BD87FDA124CEE04000D63221 /* API.swift */; };
		BD87FDA424CEE0E500D63221 /* ResponseCode.swift in Sources */ = {isa = PBXBuildFile; fileRef = BD87FDA324CEE0E500D63221 /* ResponseCode.swift */; };
		BD87FDB724CEE89300D63221 /* UILocalizedLabel.swift in Sources */ = {isa = PBXBuildFile; fileRef = BD87FDB624CEE89300D63221 /* UILocalizedLabel.swift */; };
		BD87FDB924CEE8EB00D63221 /* String+Localized.swift in Sources */ = {isa = PBXBuildFile; fileRef = BD87FDB824CEE8EB00D63221 /* String+Localized.swift */; };
		BD87FDBB24CEE97400D63221 /* UILocalizedButton.swift in Sources */ = {isa = PBXBuildFile; fileRef = BD87FDBA24CEE97400D63221 /* UILocalizedButton.swift */; };
		BD87FDBE24CEE9F500D63221 /* PagingScreen.swift in Sources */ = {isa = PBXBuildFile; fileRef = BD87FDBD24CEE9F500D63221 /* PagingScreen.swift */; };
		BD87FDC124CEEA4F00D63221 /* LocalizationPagingScreen.strings in Resources */ = {isa = PBXBuildFile; fileRef = BD87FDC324CEEA4F00D63221 /* LocalizationPagingScreen.strings */; };
		BD87FDC724CEECCE00D63221 /* LanguageManager.swift in Sources */ = {isa = PBXBuildFile; fileRef = BD87FDC624CEECCE00D63221 /* LanguageManager.swift */; };
		BD87FDC924CEECF800D63221 /* LanguageItem.swift in Sources */ = {isa = PBXBuildFile; fileRef = BD87FDC824CEECF800D63221 /* LanguageItem.swift */; };
		BD87FDCC24CEF17600D63221 /* LocalizationMessage.strings in Resources */ = {isa = PBXBuildFile; fileRef = BD87FDCE24CEF17600D63221 /* LocalizationMessage.strings */; };
		BD87FDD224CEF43800D63221 /* BaseTask.swift in Sources */ = {isa = PBXBuildFile; fileRef = BD87FDD124CEF43800D63221 /* BaseTask.swift */; };
		BD99260B24979464007858B8 /* AuthCode.swift in Sources */ = {isa = PBXBuildFile; fileRef = BD99260A24979464007858B8 /* AuthCode.swift */; };
		BDC90786244A0354008C041C /* AppDelegate.swift in Sources */ = {isa = PBXBuildFile; fileRef = BDC90785244A0354008C041C /* AppDelegate.swift */; };
		BDC90788244A0354008C041C /* SceneDelegate.swift in Sources */ = {isa = PBXBuildFile; fileRef = BDC90787244A0354008C041C /* SceneDelegate.swift */; };
		BDC9078F244A035E008C041C /* Assets.xcassets in Resources */ = {isa = PBXBuildFile; fileRef = BDC9078E244A035E008C041C /* Assets.xcassets */; };
		BDC90792244A035E008C041C /* LaunchScreen.storyboard in Resources */ = {isa = PBXBuildFile; fileRef = BDC90790244A035E008C041C /* LaunchScreen.storyboard */; };
		BDE9260A24D43BA1005E7A7B /* BasePresenter.swift in Sources */ = {isa = PBXBuildFile; fileRef = BDE9260924D43BA1005E7A7B /* BasePresenter.swift */; };
		BDEAD6EC248E531300740843 /* BaseViewController.swift in Sources */ = {isa = PBXBuildFile; fileRef = BDEAD6EB248E531300740843 /* BaseViewController.swift */; };
		BDEE418D24FCB49A00962847 /* Stock.storyboard in Resources */ = {isa = PBXBuildFile; fileRef = BDEE418C24FCB49A00962847 /* Stock.storyboard */; };
		BDEE418F24FCB78900962847 /* Colors.xcassets in Resources */ = {isa = PBXBuildFile; fileRef = BDEE418E24FCB78900962847 /* Colors.xcassets */; };
		BDEE419224FCBAF100962847 /* ListStockViewController.swift in Sources */ = {isa = PBXBuildFile; fileRef = BDEE419124FCBAF100962847 /* ListStockViewController.swift */; };
		BDEE419424FCBB2D00962847 /* ListStockPresenter.swift in Sources */ = {isa = PBXBuildFile; fileRef = BDEE419324FCBB2D00962847 /* ListStockPresenter.swift */; };
		BDEE419824FCBBD100962847 /* Profile.swift in Sources */ = {isa = PBXBuildFile; fileRef = BDEE419724FCBBD100962847 /* Profile.swift */; };
		BDEE419A24FCBE1C00962847 /* GetListStockTask.swift in Sources */ = {isa = PBXBuildFile; fileRef = BDEE419924FCBE1C00962847 /* GetListStockTask.swift */; };
		BDEE419C24FCBF6000962847 /* Stock.swift in Sources */ = {isa = PBXBuildFile; fileRef = BDEE419B24FCBF6000962847 /* Stock.swift */; };
		BDEE419E24FCC36600962847 /* StockViewCell.swift in Sources */ = {isa = PBXBuildFile; fileRef = BDEE419D24FCC36600962847 /* StockViewCell.swift */; };
		BDEE41A024FCC3FC00962847 /* StockStoryBoard.swift in Sources */ = {isa = PBXBuildFile; fileRef = BDEE419F24FCC3FC00962847 /* StockStoryBoard.swift */; };
		BDEE41A224FCC56200962847 /* GetStockProfile.swift in Sources */ = {isa = PBXBuildFile; fileRef = BDEE41A124FCC56200962847 /* GetStockProfile.swift */; };
		BDEE41A824FCD84700962847 /* BaseRequestDB.swift in Sources */ = {isa = PBXBuildFile; fileRef = BDEE41A624FCD84700962847 /* BaseRequestDB.swift */; };
		BDEE41A924FCD84700962847 /* DatabaseManager.swift in Sources */ = {isa = PBXBuildFile; fileRef = BDEE41A724FCD84700962847 /* DatabaseManager.swift */; };
		BDEE41AB24FCD91F00962847 /* StockDB.swift in Sources */ = {isa = PBXBuildFile; fileRef = BDEE41AA24FCD91F00962847 /* StockDB.swift */; };
		BDEE41AD24FCDEC100962847 /* RootStockViewController.swift in Sources */ = {isa = PBXBuildFile; fileRef = BDEE41AC24FCDEC100962847 /* RootStockViewController.swift */; };
		BDEE41AF24FCDFE000962847 /* RootStockPresenter.swift in Sources */ = {isa = PBXBuildFile; fileRef = BDEE41AE24FCDFE000962847 /* RootStockPresenter.swift */; };
		BDEE41B124FCEB2400962847 /* stock.db in Resources */ = {isa = PBXBuildFile; fileRef = BDEE41B024FCEB2400962847 /* stock.db */; };
		BDEE41B324FCF36600962847 /* ProfileDB.swift in Sources */ = {isa = PBXBuildFile; fileRef = BDEE41B224FCF36600962847 /* ProfileDB.swift */; };
		BDEE41BD24FD506100962847 /* GetRealTimePriceTask.swift in Sources */ = {isa = PBXBuildFile; fileRef = BDEE41BC24FD506100962847 /* GetRealTimePriceTask.swift */; };
		BDEE41C024FD5FE400962847 /* DetailStockViewController.swift in Sources */ = {isa = PBXBuildFile; fileRef = BDEE41BF24FD5FE400962847 /* DetailStockViewController.swift */; };
		BDEE41C224FD63D500962847 /* DetailStockPresenter.swift in Sources */ = {isa = PBXBuildFile; fileRef = BDEE41C124FD63D500962847 /* DetailStockPresenter.swift */; };
		BDEE41C424FD7B2F00962847 /* GetStockHistoryTask.swift in Sources */ = {isa = PBXBuildFile; fileRef = BDEE41C324FD7B2F00962847 /* GetStockHistoryTask.swift */; };
		BDEE41C624FD7C3900962847 /* Session.swift in Sources */ = {isa = PBXBuildFile; fileRef = BDEE41C524FD7C3900962847 /* Session.swift */; };
		BDEE41C924FE2A4100962847 /* ExtensionString.swift in Sources */ = {isa = PBXBuildFile; fileRef = BDEE41C824FE2A4100962847 /* ExtensionString.swift */; };
		FA284CB6BE92441EDA4F72EC /* Pods_iChatter.framework in Frameworks */ = {isa = PBXBuildFile; fileRef = A93800A00F2ECF7C2047AFEB /* Pods_iChatter.framework */; };
/* End PBXBuildFile section */

/* Begin PBXFileReference section */
		19F6A36D71D46D076276F853 /* Pods-iChatter.release.xcconfig */ = {isa = PBXFileReference; includeInIndex = 1; lastKnownFileType = text.xcconfig; name = "Pods-iChatter.release.xcconfig"; path = "Target Support Files/Pods-iChatter/Pods-iChatter.release.xcconfig"; sourceTree = "<group>"; };
		7BFA620165862BB32AD3B2CB /* Pods-iChatter.debug.xcconfig */ = {isa = PBXFileReference; includeInIndex = 1; lastKnownFileType = text.xcconfig; name = "Pods-iChatter.debug.xcconfig"; path = "Target Support Files/Pods-iChatter/Pods-iChatter.debug.xcconfig"; sourceTree = "<group>"; };
		A93800A00F2ECF7C2047AFEB /* Pods_iChatter.framework */ = {isa = PBXFileReference; explicitFileType = wrapper.framework; includeInIndex = 0; path = Pods_iChatter.framework; sourceTree = BUILT_PRODUCTS_DIR; };
		BD1704FF2485197200FD84FE /* iChatter.entitlements */ = {isa = PBXFileReference; lastKnownFileType = text.plist.entitlements; path = iChatter.entitlements; sourceTree = "<group>"; };
		BD17050024851CDD00FD84FE /* GoogleService-Info.plist */ = {isa = PBXFileReference; fileEncoding = 4; lastKnownFileType = text.plist.xml; path = "GoogleService-Info.plist"; sourceTree = "<group>"; };
		BD1AA63724A0CEC8005E8F89 /* Identifider.swift */ = {isa = PBXFileReference; lastKnownFileType = sourcecode.swift; path = Identifider.swift; sourceTree = "<group>"; };
		BD1AA63A24A0D2F1005E8F89 /* DateExtension.swift */ = {isa = PBXFileReference; lastKnownFileType = sourcecode.swift; path = DateExtension.swift; sourceTree = "<group>"; };
		BD491FD5249CD574004E083E /* MessageType.swift */ = {isa = PBXFileReference; lastKnownFileType = sourcecode.swift; path = MessageType.swift; sourceTree = "<group>"; };
		BD693EE1245844130093F643 /* BaseStoryBoard.swift */ = {isa = PBXFileReference; lastKnownFileType = sourcecode.swift; path = BaseStoryBoard.swift; sourceTree = "<group>"; };
		BD73BA992493A78A001A62D6 /* Channel.swift */ = {isa = PBXFileReference; lastKnownFileType = sourcecode.swift; path = Channel.swift; sourceTree = "<group>"; };
		BD87FD9D24CEDE3600D63221 /* NetworkConfig.swift */ = {isa = PBXFileReference; lastKnownFileType = sourcecode.swift; path = NetworkConfig.swift; sourceTree = "<group>"; };
		BD87FD9F24CEDFDC00D63221 /* JsonCode.swift */ = {isa = PBXFileReference; lastKnownFileType = sourcecode.swift; path = JsonCode.swift; sourceTree = "<group>"; };
		BD87FDA124CEE04000D63221 /* API.swift */ = {isa = PBXFileReference; lastKnownFileType = sourcecode.swift; path = API.swift; sourceTree = "<group>"; };
		BD87FDA324CEE0E500D63221 /* ResponseCode.swift */ = {isa = PBXFileReference; lastKnownFileType = sourcecode.swift; path = ResponseCode.swift; sourceTree = "<group>"; };
		BD87FDB624CEE89300D63221 /* UILocalizedLabel.swift */ = {isa = PBXFileReference; lastKnownFileType = sourcecode.swift; path = UILocalizedLabel.swift; sourceTree = "<group>"; };
		BD87FDB824CEE8EB00D63221 /* String+Localized.swift */ = {isa = PBXFileReference; lastKnownFileType = sourcecode.swift; path = "String+Localized.swift"; sourceTree = "<group>"; };
		BD87FDBA24CEE97400D63221 /* UILocalizedButton.swift */ = {isa = PBXFileReference; lastKnownFileType = sourcecode.swift; path = UILocalizedButton.swift; sourceTree = "<group>"; };
		BD87FDBD24CEE9F500D63221 /* PagingScreen.swift */ = {isa = PBXFileReference; lastKnownFileType = sourcecode.swift; path = PagingScreen.swift; sourceTree = "<group>"; };
		BD87FDC224CEEA4F00D63221 /* en */ = {isa = PBXFileReference; lastKnownFileType = text.plist.strings; name = en; path = en.lproj/LocalizationPagingScreen.strings; sourceTree = "<group>"; };
		BD87FDC424CEEA5100D63221 /* ja */ = {isa = PBXFileReference; lastKnownFileType = text.plist.strings; name = ja; path = ja.lproj/LocalizationPagingScreen.strings; sourceTree = "<group>"; };
		BD87FDC524CEEA5200D63221 /* vi */ = {isa = PBXFileReference; lastKnownFileType = text.plist.strings; name = vi; path = vi.lproj/LocalizationPagingScreen.strings; sourceTree = "<group>"; };
		BD87FDC624CEECCE00D63221 /* LanguageManager.swift */ = {isa = PBXFileReference; lastKnownFileType = sourcecode.swift; path = LanguageManager.swift; sourceTree = "<group>"; };
		BD87FDC824CEECF800D63221 /* LanguageItem.swift */ = {isa = PBXFileReference; lastKnownFileType = sourcecode.swift; path = LanguageItem.swift; sourceTree = "<group>"; };
		BD87FDCD24CEF17600D63221 /* en */ = {isa = PBXFileReference; lastKnownFileType = text.plist.strings; name = en; path = en.lproj/LocalizationMessage.strings; sourceTree = "<group>"; };
		BD87FDCF24CEF17900D63221 /* ja */ = {isa = PBXFileReference; lastKnownFileType = text.plist.strings; name = ja; path = ja.lproj/LocalizationMessage.strings; sourceTree = "<group>"; };
		BD87FDD024CEF17A00D63221 /* vi */ = {isa = PBXFileReference; lastKnownFileType = text.plist.strings; name = vi; path = vi.lproj/LocalizationMessage.strings; sourceTree = "<group>"; };
		BD87FDD124CEF43800D63221 /* BaseTask.swift */ = {isa = PBXFileReference; lastKnownFileType = sourcecode.swift; path = BaseTask.swift; sourceTree = "<group>"; };
		BD99260A24979464007858B8 /* AuthCode.swift */ = {isa = PBXFileReference; lastKnownFileType = sourcecode.swift; path = AuthCode.swift; sourceTree = "<group>"; };
		BDADAC9924C1C856008D89E3 /* iChatterDebug.entitlements */ = {isa = PBXFileReference; lastKnownFileType = text.plist.entitlements; path = iChatterDebug.entitlements; sourceTree = "<group>"; };
		BDC90782244A0353008C041C /* iChatter.app */ = {isa = PBXFileReference; explicitFileType = wrapper.application; includeInIndex = 0; path = iChatter.app; sourceTree = BUILT_PRODUCTS_DIR; };
		BDC90785244A0354008C041C /* AppDelegate.swift */ = {isa = PBXFileReference; lastKnownFileType = sourcecode.swift; path = AppDelegate.swift; sourceTree = "<group>"; };
		BDC90787244A0354008C041C /* SceneDelegate.swift */ = {isa = PBXFileReference; lastKnownFileType = sourcecode.swift; path = SceneDelegate.swift; sourceTree = "<group>"; };
		BDC9078E244A035E008C041C /* Assets.xcassets */ = {isa = PBXFileReference; lastKnownFileType = folder.assetcatalog; path = Assets.xcassets; sourceTree = "<group>"; };
		BDC90791244A035E008C041C /* Base */ = {isa = PBXFileReference; lastKnownFileType = file.storyboard; name = Base; path = Base.lproj/LaunchScreen.storyboard; sourceTree = "<group>"; };
		BDC90793244A035E008C041C /* Info.plist */ = {isa = PBXFileReference; lastKnownFileType = text.plist.xml; path = Info.plist; sourceTree = "<group>"; };
		BDE9260924D43BA1005E7A7B /* BasePresenter.swift */ = {isa = PBXFileReference; lastKnownFileType = sourcecode.swift; path = BasePresenter.swift; sourceTree = "<group>"; };
		BDEAD6EB248E531300740843 /* BaseViewController.swift */ = {isa = PBXFileReference; lastKnownFileType = sourcecode.swift; path = BaseViewController.swift; sourceTree = "<group>"; };
		BDEE418C24FCB49A00962847 /* Stock.storyboard */ = {isa = PBXFileReference; lastKnownFileType = file.storyboard; path = Stock.storyboard; sourceTree = "<group>"; };
		BDEE418E24FCB78900962847 /* Colors.xcassets */ = {isa = PBXFileReference; lastKnownFileType = folder.assetcatalog; path = Colors.xcassets; sourceTree = "<group>"; };
		BDEE419124FCBAF100962847 /* ListStockViewController.swift */ = {isa = PBXFileReference; lastKnownFileType = sourcecode.swift; path = ListStockViewController.swift; sourceTree = "<group>"; };
		BDEE419324FCBB2D00962847 /* ListStockPresenter.swift */ = {isa = PBXFileReference; lastKnownFileType = sourcecode.swift; path = ListStockPresenter.swift; sourceTree = "<group>"; };
		BDEE419724FCBBD100962847 /* Profile.swift */ = {isa = PBXFileReference; lastKnownFileType = sourcecode.swift; path = Profile.swift; sourceTree = "<group>"; };
		BDEE419924FCBE1C00962847 /* GetListStockTask.swift */ = {isa = PBXFileReference; lastKnownFileType = sourcecode.swift; path = GetListStockTask.swift; sourceTree = "<group>"; };
		BDEE419B24FCBF6000962847 /* Stock.swift */ = {isa = PBXFileReference; lastKnownFileType = sourcecode.swift; path = Stock.swift; sourceTree = "<group>"; };
		BDEE419D24FCC36600962847 /* StockViewCell.swift */ = {isa = PBXFileReference; lastKnownFileType = sourcecode.swift; path = StockViewCell.swift; sourceTree = "<group>"; };
		BDEE419F24FCC3FC00962847 /* StockStoryBoard.swift */ = {isa = PBXFileReference; lastKnownFileType = sourcecode.swift; path = StockStoryBoard.swift; sourceTree = "<group>"; };
		BDEE41A124FCC56200962847 /* GetStockProfile.swift */ = {isa = PBXFileReference; lastKnownFileType = sourcecode.swift; path = GetStockProfile.swift; sourceTree = "<group>"; };
		BDEE41A624FCD84700962847 /* BaseRequestDB.swift */ = {isa = PBXFileReference; fileEncoding = 4; lastKnownFileType = sourcecode.swift; path = BaseRequestDB.swift; sourceTree = "<group>"; };
		BDEE41A724FCD84700962847 /* DatabaseManager.swift */ = {isa = PBXFileReference; fileEncoding = 4; lastKnownFileType = sourcecode.swift; path = DatabaseManager.swift; sourceTree = "<group>"; };
		BDEE41AA24FCD91F00962847 /* StockDB.swift */ = {isa = PBXFileReference; lastKnownFileType = sourcecode.swift; path = StockDB.swift; sourceTree = "<group>"; };
		BDEE41AC24FCDEC100962847 /* RootStockViewController.swift */ = {isa = PBXFileReference; lastKnownFileType = sourcecode.swift; path = RootStockViewController.swift; sourceTree = "<group>"; };
		BDEE41AE24FCDFE000962847 /* RootStockPresenter.swift */ = {isa = PBXFileReference; lastKnownFileType = sourcecode.swift; path = RootStockPresenter.swift; sourceTree = "<group>"; };
		BDEE41B024FCEB2400962847 /* stock.db */ = {isa = PBXFileReference; lastKnownFileType = file; path = stock.db; sourceTree = "<group>"; };
		BDEE41B224FCF36600962847 /* ProfileDB.swift */ = {isa = PBXFileReference; lastKnownFileType = sourcecode.swift; path = ProfileDB.swift; sourceTree = "<group>"; };
		BDEE41BC24FD506100962847 /* GetRealTimePriceTask.swift */ = {isa = PBXFileReference; lastKnownFileType = sourcecode.swift; path = GetRealTimePriceTask.swift; sourceTree = "<group>"; };
		BDEE41BF24FD5FE400962847 /* DetailStockViewController.swift */ = {isa = PBXFileReference; lastKnownFileType = sourcecode.swift; path = DetailStockViewController.swift; sourceTree = "<group>"; };
		BDEE41C124FD63D500962847 /* DetailStockPresenter.swift */ = {isa = PBXFileReference; lastKnownFileType = sourcecode.swift; path = DetailStockPresenter.swift; sourceTree = "<group>"; };
		BDEE41C324FD7B2F00962847 /* GetStockHistoryTask.swift */ = {isa = PBXFileReference; lastKnownFileType = sourcecode.swift; path = GetStockHistoryTask.swift; sourceTree = "<group>"; };
		BDEE41C524FD7C3900962847 /* Session.swift */ = {isa = PBXFileReference; lastKnownFileType = sourcecode.swift; path = Session.swift; sourceTree = "<group>"; };
		BDEE41C824FE2A4100962847 /* ExtensionString.swift */ = {isa = PBXFileReference; lastKnownFileType = sourcecode.swift; path = ExtensionString.swift; sourceTree = "<group>"; };
/* End PBXFileReference section */

/* Begin PBXFrameworksBuildPhase section */
		BDC9077F244A0353008C041C /* Frameworks */ = {
			isa = PBXFrameworksBuildPhase;
			buildActionMask = 2147483647;
			files = (
				FA284CB6BE92441EDA4F72EC /* Pods_iChatter.framework in Frameworks */,
			);
			runOnlyForDeploymentPostprocessing = 0;
		};
/* End PBXFrameworksBuildPhase section */

/* Begin PBXGroup section */
		B39CCB41A90A7FCD6D757DD7 /* Frameworks */ = {
			isa = PBXGroup;
			children = (
				A93800A00F2ECF7C2047AFEB /* Pods_iChatter.framework */,
			);
			name = Frameworks;
			sourceTree = "<group>";
		};
		BD1AA63924A0D2E3005E8F89 /* Extension */ = {
			isa = PBXGroup;
			children = (
				BD1AA63A24A0D2F1005E8F89 /* DateExtension.swift */,
			);
			path = Extension;
			sourceTree = "<group>";
		};
		BD491FD7249CDAA4004E083E /* Network */ = {
			isa = PBXGroup;
			children = (
				BD87FD9D24CEDE3600D63221 /* NetworkConfig.swift */,
				BD87FD9F24CEDFDC00D63221 /* JsonCode.swift */,
				BD87FDA124CEE04000D63221 /* API.swift */,
				BD87FDA324CEE0E500D63221 /* ResponseCode.swift */,
				BD87FDD124CEF43800D63221 /* BaseTask.swift */,
				BDEE419924FCBE1C00962847 /* GetListStockTask.swift */,
				BDEE41A124FCC56200962847 /* GetStockProfile.swift */,
				BDEE41BC24FD506100962847 /* GetRealTimePriceTask.swift */,
				BDEE41C324FD7B2F00962847 /* GetStockHistoryTask.swift */,
			);
			path = Network;
			sourceTree = "<group>";
		};
		BD693EE724584AD30093F643 /* Storyboard */ = {
			isa = PBXGroup;
			children = (
				BDEE419F24FCC3FC00962847 /* StockStoryBoard.swift */,
				BD693EE1245844130093F643 /* BaseStoryBoard.swift */,
				BDEE418C24FCB49A00962847 /* Stock.storyboard */,
			);
			path = Storyboard;
			sourceTree = "<group>";
		};
		BD73BA982493A770001A62D6 /* Constant */ = {
			isa = PBXGroup;
			children = (
				BD73BA992493A78A001A62D6 /* Channel.swift */,
				BD99260A24979464007858B8 /* AuthCode.swift */,
				BD491FD5249CD574004E083E /* MessageType.swift */,
				BD1AA63724A0CEC8005E8F89 /* Identifider.swift */,
			);
			path = Constant;
			sourceTree = "<group>";
		};
		BD87FDB524CEE86F00D63221 /* Localization */ = {
			isa = PBXGroup;
			children = (
				BD87FDBC24CEE9E600D63221 /* Screen */,
				BD87FDB624CEE89300D63221 /* UILocalizedLabel.swift */,
				BD87FDBA24CEE97400D63221 /* UILocalizedButton.swift */,
				BD87FDB824CEE8EB00D63221 /* String+Localized.swift */,
				BD87FDC624CEECCE00D63221 /* LanguageManager.swift */,
				BD87FDC824CEECF800D63221 /* LanguageItem.swift */,
				BD87FDCE24CEF17600D63221 /* LocalizationMessage.strings */,
			);
			path = Localization;
			sourceTree = "<group>";
		};
		BD87FDBC24CEE9E600D63221 /* Screen */ = {
			isa = PBXGroup;
			children = (
				BD87FDBD24CEE9F500D63221 /* PagingScreen.swift */,
				BD87FDC324CEEA4F00D63221 /* LocalizationPagingScreen.strings */,
			);
			path = Screen;
			sourceTree = "<group>";
		};
		BD90F9C4244E049500FF366A /* Screens */ = {
			isa = PBXGroup;
			children = (
				BDEE41BE24FD5FC400962847 /* Detail Stock */,
				BDEE419024FCBAC600962847 /* Stock */,
				BDEAD6EB248E531300740843 /* BaseViewController.swift */,
				BDE9260924D43BA1005E7A7B /* BasePresenter.swift */,
			);
			path = Screens;
			sourceTree = "<group>";
		};
		BD90F9C6244E04A700FF366A /* Model */ = {
			isa = PBXGroup;
			children = (
				BDEE419724FCBBD100962847 /* Profile.swift */,
				BDEE419B24FCBF6000962847 /* Stock.swift */,
				BDEE41C524FD7C3900962847 /* Session.swift */,
			);
			path = Model;
			sourceTree = "<group>";
		};
		BDC90779244A0353008C041C = {
			isa = PBXGroup;
			children = (
				BDC90784244A0353008C041C /* iChatter */,
				BDC90783244A0353008C041C /* Products */,
				F9D7F2464F3F180CE1B66578 /* Pods */,
				B39CCB41A90A7FCD6D757DD7 /* Frameworks */,
			);
			sourceTree = "<group>";
		};
		BDC90783244A0353008C041C /* Products */ = {
			isa = PBXGroup;
			children = (
				BDC90782244A0353008C041C /* iChatter.app */,
			);
			name = Products;
			sourceTree = "<group>";
		};
		BDC90784244A0353008C041C /* iChatter */ = {
			isa = PBXGroup;
			children = (
				BDEE41C724FE2A2200962847 /* Utils */,
				BDEE41A324FCD80800962847 /* Database */,
				BD87FDB524CEE86F00D63221 /* Localization */,
				BDADAC9924C1C856008D89E3 /* iChatterDebug.entitlements */,
				BD1AA63924A0D2E3005E8F89 /* Extension */,
				BD491FD7249CDAA4004E083E /* Network */,
				BD73BA982493A770001A62D6 /* Constant */,
				BD1704FF2485197200FD84FE /* iChatter.entitlements */,
				BD693EE724584AD30093F643 /* Storyboard */,
				BD90F9C6244E04A700FF366A /* Model */,
				BD90F9C4244E049500FF366A /* Screens */,
				BDC90785244A0354008C041C /* AppDelegate.swift */,
				BDC90787244A0354008C041C /* SceneDelegate.swift */,
				BDC9078E244A035E008C041C /* Assets.xcassets */,
				BD17050024851CDD00FD84FE /* GoogleService-Info.plist */,
				BDC90790244A035E008C041C /* LaunchScreen.storyboard */,
				BDC90793244A035E008C041C /* Info.plist */,
				BDEE418E24FCB78900962847 /* Colors.xcassets */,
			);
			path = iChatter;
			sourceTree = "<group>";
		};
		BDEE419024FCBAC600962847 /* Stock */ = {
			isa = PBXGroup;
			children = (
				BDEE419124FCBAF100962847 /* ListStockViewController.swift */,
				BDEE419324FCBB2D00962847 /* ListStockPresenter.swift */,
				BDEE419D24FCC36600962847 /* StockViewCell.swift */,
				BDEE41AC24FCDEC100962847 /* RootStockViewController.swift */,
				BDEE41AE24FCDFE000962847 /* RootStockPresenter.swift */,
			);
			path = Stock;
			sourceTree = "<group>";
		};
		BDEE41A324FCD80800962847 /* Database */ = {
			isa = PBXGroup;
			children = (
				BDEE41B024FCEB2400962847 /* stock.db */,
				BDEE41A624FCD84700962847 /* BaseRequestDB.swift */,
				BDEE41A724FCD84700962847 /* DatabaseManager.swift */,
				BDEE41AA24FCD91F00962847 /* StockDB.swift */,
				BDEE41B224FCF36600962847 /* ProfileDB.swift */,
			);
			path = Database;
			sourceTree = "<group>";
		};
		BDEE41BE24FD5FC400962847 /* Detail Stock */ = {
			isa = PBXGroup;
			children = (
				BDEE41BF24FD5FE400962847 /* DetailStockViewController.swift */,
				BDEE41C124FD63D500962847 /* DetailStockPresenter.swift */,
			);
			path = "Detail Stock";
			sourceTree = "<group>";
		};
		BDEE41C724FE2A2200962847 /* Utils */ = {
			isa = PBXGroup;
			children = (
				BDEE41C824FE2A4100962847 /* ExtensionString.swift */,
			);
			path = Utils;
			sourceTree = "<group>";
		};
		F9D7F2464F3F180CE1B66578 /* Pods */ = {
			isa = PBXGroup;
			children = (
				7BFA620165862BB32AD3B2CB /* Pods-iChatter.debug.xcconfig */,
				19F6A36D71D46D076276F853 /* Pods-iChatter.release.xcconfig */,
			);
			path = Pods;
			sourceTree = "<group>";
		};
/* End PBXGroup section */

/* Begin PBXNativeTarget section */
		BDC90781244A0353008C041C /* iChatter */ = {
			isa = PBXNativeTarget;
			buildConfigurationList = BDC90796244A035E008C041C /* Build configuration list for PBXNativeTarget "iChatter" */;
			buildPhases = (
				55D1370E72AA9FE11E9FF027 /* [CP] Check Pods Manifest.lock */,
				BDC9077E244A0353008C041C /* Sources */,
				BDC9077F244A0353008C041C /* Frameworks */,
				BDC90780244A0353008C041C /* Resources */,
				0498DFE4A1DDB1F877FA1C48 /* [CP] Embed Pods Frameworks */,
				114835C87E4C9E4E19AC658F /* [CP] Copy Pods Resources */,
			);
			buildRules = (
			);
			dependencies = (
			);
			name = iChatter;
			productName = iChatter;
			productReference = BDC90782244A0353008C041C /* iChatter.app */;
			productType = "com.apple.product-type.application";
		};
/* End PBXNativeTarget section */

/* Begin PBXProject section */
		BDC9077A244A0353008C041C /* Project object */ = {
			isa = PBXProject;
			attributes = {
				LastSwiftUpdateCheck = 1140;
				LastUpgradeCheck = 1140;
				ORGANIZATIONNAME = "NAL Viet Nam";
				TargetAttributes = {
					BDC90781244A0353008C041C = {
						CreatedOnToolsVersion = 11.4;
					};
				};
			};
			buildConfigurationList = BDC9077D244A0353008C041C /* Build configuration list for PBXProject "iChatter" */;
			compatibilityVersion = "Xcode 9.3";
			developmentRegion = en;
			hasScannedForEncodings = 0;
			knownRegions = (
				en,
				Base,
				ja,
				vi,
			);
			mainGroup = BDC90779244A0353008C041C;
			productRefGroup = BDC90783244A0353008C041C /* Products */;
			projectDirPath = "";
			projectRoot = "";
			targets = (
				BDC90781244A0353008C041C /* iChatter */,
			);
		};
/* End PBXProject section */

/* Begin PBXResourcesBuildPhase section */
		BDC90780244A0353008C041C /* Resources */ = {
			isa = PBXResourcesBuildPhase;
			buildActionMask = 2147483647;
			files = (
				BDEE418F24FCB78900962847 /* Colors.xcassets in Resources */,
				BDC90792244A035E008C041C /* LaunchScreen.storyboard in Resources */,
				BDC9078F244A035E008C041C /* Assets.xcassets in Resources */,
				BD87FDC124CEEA4F00D63221 /* LocalizationPagingScreen.strings in Resources */,
				BDEE41B124FCEB2400962847 /* stock.db in Resources */,
				BDEE418D24FCB49A00962847 /* Stock.storyboard in Resources */,
				BD87FDCC24CEF17600D63221 /* LocalizationMessage.strings in Resources */,
				BD17050124851CDE00FD84FE /* GoogleService-Info.plist in Resources */,
			);
			runOnlyForDeploymentPostprocessing = 0;
		};
/* End PBXResourcesBuildPhase section */

/* Begin PBXShellScriptBuildPhase section */
		0498DFE4A1DDB1F877FA1C48 /* [CP] Embed Pods Frameworks */ = {
			isa = PBXShellScriptBuildPhase;
			buildActionMask = 2147483647;
			files = (
			);
			inputFileListPaths = (
				"${PODS_ROOT}/Target Support Files/Pods-iChatter/Pods-iChatter-frameworks-${CONFIGURATION}-input-files.xcfilelist",
			);
			name = "[CP] Embed Pods Frameworks";
			outputFileListPaths = (
				"${PODS_ROOT}/Target Support Files/Pods-iChatter/Pods-iChatter-frameworks-${CONFIGURATION}-output-files.xcfilelist",
			);
			runOnlyForDeploymentPostprocessing = 0;
			shellPath = /bin/sh;
			shellScript = "\"${PODS_ROOT}/Target Support Files/Pods-iChatter/Pods-iChatter-frameworks.sh\"\n";
			showEnvVarsInLog = 0;
		};
		114835C87E4C9E4E19AC658F /* [CP] Copy Pods Resources */ = {
			isa = PBXShellScriptBuildPhase;
			buildActionMask = 2147483647;
			files = (
			);
			inputFileListPaths = (
				"${PODS_ROOT}/Target Support Files/Pods-iChatter/Pods-iChatter-resources-${CONFIGURATION}-input-files.xcfilelist",
			);
			name = "[CP] Copy Pods Resources";
			outputFileListPaths = (
				"${PODS_ROOT}/Target Support Files/Pods-iChatter/Pods-iChatter-resources-${CONFIGURATION}-output-files.xcfilelist",
			);
			runOnlyForDeploymentPostprocessing = 0;
			shellPath = /bin/sh;
			shellScript = "\"${PODS_ROOT}/Target Support Files/Pods-iChatter/Pods-iChatter-resources.sh\"\n";
			showEnvVarsInLog = 0;
		};
		55D1370E72AA9FE11E9FF027 /* [CP] Check Pods Manifest.lock */ = {
			isa = PBXShellScriptBuildPhase;
			buildActionMask = 2147483647;
			files = (
			);
			inputFileListPaths = (
			);
			inputPaths = (
				"${PODS_PODFILE_DIR_PATH}/Podfile.lock",
				"${PODS_ROOT}/Manifest.lock",
			);
			name = "[CP] Check Pods Manifest.lock";
			outputFileListPaths = (
			);
			outputPaths = (
				"$(DERIVED_FILE_DIR)/Pods-iChatter-checkManifestLockResult.txt",
			);
			runOnlyForDeploymentPostprocessing = 0;
			shellPath = /bin/sh;
			shellScript = "diff \"${PODS_PODFILE_DIR_PATH}/Podfile.lock\" \"${PODS_ROOT}/Manifest.lock\" > /dev/null\nif [ $? != 0 ] ; then\n    # print error to STDERR\n    echo \"error: The sandbox is not in sync with the Podfile.lock. Run 'pod install' or update your CocoaPods installation.\" >&2\n    exit 1\nfi\n# This output is used by Xcode 'outputs' to avoid re-running this script phase.\necho \"SUCCESS\" > \"${SCRIPT_OUTPUT_FILE_0}\"\n";
			showEnvVarsInLog = 0;
		};
/* End PBXShellScriptBuildPhase section */

/* Begin PBXSourcesBuildPhase section */
		BDC9077E244A0353008C041C /* Sources */ = {
			isa = PBXSourcesBuildPhase;
			buildActionMask = 2147483647;
			files = (
				BDE9260A24D43BA1005E7A7B /* BasePresenter.swift in Sources */,
				BD1AA63B24A0D2F1005E8F89 /* DateExtension.swift in Sources */,
				BD73BA9A2493A78A001A62D6 /* Channel.swift in Sources */,
				BD87FDA424CEE0E500D63221 /* ResponseCode.swift in Sources */,
				BDEE41C424FD7B2F00962847 /* GetStockHistoryTask.swift in Sources */,
				BDEE41AD24FCDEC100962847 /* RootStockViewController.swift in Sources */,
				BDEE41B324FCF36600962847 /* ProfileDB.swift in Sources */,
				BD87FDBB24CEE97400D63221 /* UILocalizedButton.swift in Sources */,
				BDC90786244A0354008C041C /* AppDelegate.swift in Sources */,
				BD87FDB724CEE89300D63221 /* UILocalizedLabel.swift in Sources */,
				BDEE41A924FCD84700962847 /* DatabaseManager.swift in Sources */,
				BD87FDA224CEE04000D63221 /* API.swift in Sources */,
				BDEE419224FCBAF100962847 /* ListStockViewController.swift in Sources */,
				BD87FDC924CEECF800D63221 /* LanguageItem.swift in Sources */,
				BDEE41C624FD7C3900962847 /* Session.swift in Sources */,
				BD87FDA024CEDFDC00D63221 /* JsonCode.swift in Sources */,
				BD1AA63824A0CEC8005E8F89 /* Identifider.swift in Sources */,
				BD693EE2245844130093F643 /* BaseStoryBoard.swift in Sources */,
				BDEE41AB24FCD91F00962847 /* StockDB.swift in Sources */,
				BD491FD6249CD574004E083E /* MessageType.swift in Sources */,
				BDEE419824FCBBD100962847 /* Profile.swift in Sources */,
				BDEE41C024FD5FE400962847 /* DetailStockViewController.swift in Sources */,
				BD87FD9E24CEDE3600D63221 /* NetworkConfig.swift in Sources */,
				BDEE419C24FCBF6000962847 /* Stock.swift in Sources */,
				BDC90788244A0354008C041C /* SceneDelegate.swift in Sources */,
				BDEE419A24FCBE1C00962847 /* GetListStockTask.swift in Sources */,
				BDEE41BD24FD506100962847 /* GetRealTimePriceTask.swift in Sources */,
				BD99260B24979464007858B8 /* AuthCode.swift in Sources */,
				BDEE419E24FCC36600962847 /* StockViewCell.swift in Sources */,
				BDEE41C224FD63D500962847 /* DetailStockPresenter.swift in Sources */,
				BDEE41C924FE2A4100962847 /* ExtensionString.swift in Sources */,
				BD87FDD224CEF43800D63221 /* BaseTask.swift in Sources */,
				BDEE41A824FCD84700962847 /* BaseRequestDB.swift in Sources */,
				BD87FDC724CEECCE00D63221 /* LanguageManager.swift in Sources */,
				BDEE41AF24FCDFE000962847 /* RootStockPresenter.swift in Sources */,
				BD87FDB924CEE8EB00D63221 /* String+Localized.swift in Sources */,
				BDEE41A224FCC56200962847 /* GetStockProfile.swift in Sources */,
				BDEAD6EC248E531300740843 /* BaseViewController.swift in Sources */,
				BD87FDBE24CEE9F500D63221 /* PagingScreen.swift in Sources */,
				BDEE419424FCBB2D00962847 /* ListStockPresenter.swift in Sources */,
				BDEE41A024FCC3FC00962847 /* StockStoryBoard.swift in Sources */,
			);
			runOnlyForDeploymentPostprocessing = 0;
		};
/* End PBXSourcesBuildPhase section */

/* Begin PBXVariantGroup section */
		BD87FDC324CEEA4F00D63221 /* LocalizationPagingScreen.strings */ = {
			isa = PBXVariantGroup;
			children = (
				BD87FDC224CEEA4F00D63221 /* en */,
				BD87FDC424CEEA5100D63221 /* ja */,
				BD87FDC524CEEA5200D63221 /* vi */,
			);
			name = LocalizationPagingScreen.strings;
			sourceTree = "<group>";
		};
		BD87FDCE24CEF17600D63221 /* LocalizationMessage.strings */ = {
			isa = PBXVariantGroup;
			children = (
				BD87FDCD24CEF17600D63221 /* en */,
				BD87FDCF24CEF17900D63221 /* ja */,
				BD87FDD024CEF17A00D63221 /* vi */,
			);
			name = LocalizationMessage.strings;
			sourceTree = "<group>";
		};
		BDC90790244A035E008C041C /* LaunchScreen.storyboard */ = {
			isa = PBXVariantGroup;
			children = (
				BDC90791244A035E008C041C /* Base */,
			);
			name = LaunchScreen.storyboard;
			sourceTree = "<group>";
		};
/* End PBXVariantGroup section */

/* Begin XCBuildConfiguration section */
		BDC90794244A035E008C041C /* Debug */ = {
			isa = XCBuildConfiguration;
			buildSettings = {
				ALWAYS_SEARCH_USER_PATHS = NO;
				CLANG_ANALYZER_LOCALIZABILITY_NONLOCALIZED = YES;
				CLANG_ANALYZER_NONNULL = YES;
				CLANG_ANALYZER_NUMBER_OBJECT_CONVERSION = YES_AGGRESSIVE;
				CLANG_CXX_LANGUAGE_STANDARD = "gnu++14";
				CLANG_CXX_LIBRARY = "libc++";
				CLANG_ENABLE_MODULES = YES;
				CLANG_ENABLE_OBJC_ARC = YES;
				CLANG_ENABLE_OBJC_WEAK = YES;
				CLANG_WARN_BLOCK_CAPTURE_AUTORELEASING = YES;
				CLANG_WARN_BOOL_CONVERSION = YES;
				CLANG_WARN_COMMA = YES;
				CLANG_WARN_CONSTANT_CONVERSION = YES;
				CLANG_WARN_DEPRECATED_OBJC_IMPLEMENTATIONS = YES;
				CLANG_WARN_DIRECT_OBJC_ISA_USAGE = YES_ERROR;
				CLANG_WARN_DOCUMENTATION_COMMENTS = YES;
				CLANG_WARN_EMPTY_BODY = YES;
				CLANG_WARN_ENUM_CONVERSION = YES;
				CLANG_WARN_INFINITE_RECURSION = YES;
				CLANG_WARN_INT_CONVERSION = YES;
				CLANG_WARN_NON_LITERAL_NULL_CONVERSION = YES;
				CLANG_WARN_OBJC_IMPLICIT_RETAIN_SELF = YES;
				CLANG_WARN_OBJC_LITERAL_CONVERSION = YES;
				CLANG_WARN_OBJC_ROOT_CLASS = YES_ERROR;
				CLANG_WARN_RANGE_LOOP_ANALYSIS = YES;
				CLANG_WARN_STRICT_PROTOTYPES = YES;
				CLANG_WARN_SUSPICIOUS_MOVE = YES;
				CLANG_WARN_UNGUARDED_AVAILABILITY = YES_AGGRESSIVE;
				CLANG_WARN_UNREACHABLE_CODE = YES;
				CLANG_WARN__DUPLICATE_METHOD_MATCH = YES;
				COPY_PHASE_STRIP = NO;
				DEBUG_INFORMATION_FORMAT = dwarf;
				ENABLE_STRICT_OBJC_MSGSEND = YES;
				ENABLE_TESTABILITY = YES;
				GCC_C_LANGUAGE_STANDARD = gnu11;
				GCC_DYNAMIC_NO_PIC = NO;
				GCC_NO_COMMON_BLOCKS = YES;
				GCC_OPTIMIZATION_LEVEL = 0;
				GCC_PREPROCESSOR_DEFINITIONS = (
					"DEBUG=1",
					"$(inherited)",
				);
				GCC_WARN_64_TO_32_BIT_CONVERSION = YES;
				GCC_WARN_ABOUT_RETURN_TYPE = YES_ERROR;
				GCC_WARN_UNDECLARED_SELECTOR = YES;
				GCC_WARN_UNINITIALIZED_AUTOS = YES_AGGRESSIVE;
				GCC_WARN_UNUSED_FUNCTION = YES;
				GCC_WARN_UNUSED_VARIABLE = YES;
				IPHONEOS_DEPLOYMENT_TARGET = 13.4;
				MTL_ENABLE_DEBUG_INFO = INCLUDE_SOURCE;
				MTL_FAST_MATH = YES;
				ONLY_ACTIVE_ARCH = YES;
				SDKROOT = iphoneos;
				SWIFT_ACTIVE_COMPILATION_CONDITIONS = DEBUG;
				SWIFT_OPTIMIZATION_LEVEL = "-Onone";
			};
			name = Debug;
		};
		BDC90795244A035E008C041C /* Release */ = {
			isa = XCBuildConfiguration;
			buildSettings = {
				ALWAYS_SEARCH_USER_PATHS = NO;
				CLANG_ANALYZER_LOCALIZABILITY_NONLOCALIZED = YES;
				CLANG_ANALYZER_NONNULL = YES;
				CLANG_ANALYZER_NUMBER_OBJECT_CONVERSION = YES_AGGRESSIVE;
				CLANG_CXX_LANGUAGE_STANDARD = "gnu++14";
				CLANG_CXX_LIBRARY = "libc++";
				CLANG_ENABLE_MODULES = YES;
				CLANG_ENABLE_OBJC_ARC = YES;
				CLANG_ENABLE_OBJC_WEAK = YES;
				CLANG_WARN_BLOCK_CAPTURE_AUTORELEASING = YES;
				CLANG_WARN_BOOL_CONVERSION = YES;
				CLANG_WARN_COMMA = YES;
				CLANG_WARN_CONSTANT_CONVERSION = YES;
				CLANG_WARN_DEPRECATED_OBJC_IMPLEMENTATIONS = YES;
				CLANG_WARN_DIRECT_OBJC_ISA_USAGE = YES_ERROR;
				CLANG_WARN_DOCUMENTATION_COMMENTS = YES;
				CLANG_WARN_EMPTY_BODY = YES;
				CLANG_WARN_ENUM_CONVERSION = YES;
				CLANG_WARN_INFINITE_RECURSION = YES;
				CLANG_WARN_INT_CONVERSION = YES;
				CLANG_WARN_NON_LITERAL_NULL_CONVERSION = YES;
				CLANG_WARN_OBJC_IMPLICIT_RETAIN_SELF = YES;
				CLANG_WARN_OBJC_LITERAL_CONVERSION = YES;
				CLANG_WARN_OBJC_ROOT_CLASS = YES_ERROR;
				CLANG_WARN_RANGE_LOOP_ANALYSIS = YES;
				CLANG_WARN_STRICT_PROTOTYPES = YES;
				CLANG_WARN_SUSPICIOUS_MOVE = YES;
				CLANG_WARN_UNGUARDED_AVAILABILITY = YES_AGGRESSIVE;
				CLANG_WARN_UNREACHABLE_CODE = YES;
				CLANG_WARN__DUPLICATE_METHOD_MATCH = YES;
				COPY_PHASE_STRIP = NO;
				DEBUG_INFORMATION_FORMAT = "dwarf-with-dsym";
				ENABLE_NS_ASSERTIONS = NO;
				ENABLE_STRICT_OBJC_MSGSEND = YES;
				GCC_C_LANGUAGE_STANDARD = gnu11;
				GCC_NO_COMMON_BLOCKS = YES;
				GCC_WARN_64_TO_32_BIT_CONVERSION = YES;
				GCC_WARN_ABOUT_RETURN_TYPE = YES_ERROR;
				GCC_WARN_UNDECLARED_SELECTOR = YES;
				GCC_WARN_UNINITIALIZED_AUTOS = YES_AGGRESSIVE;
				GCC_WARN_UNUSED_FUNCTION = YES;
				GCC_WARN_UNUSED_VARIABLE = YES;
				IPHONEOS_DEPLOYMENT_TARGET = 13.4;
				MTL_ENABLE_DEBUG_INFO = NO;
				MTL_FAST_MATH = YES;
				SDKROOT = iphoneos;
				SWIFT_COMPILATION_MODE = wholemodule;
				SWIFT_OPTIMIZATION_LEVEL = "-O";
				VALIDATE_PRODUCT = YES;
			};
			name = Release;
		};
		BDC90797244A035E008C041C /* Debug */ = {
			isa = XCBuildConfiguration;
			baseConfigurationReference = 7BFA620165862BB32AD3B2CB /* Pods-iChatter.debug.xcconfig */;
			buildSettings = {
				ASSETCATALOG_COMPILER_APPICON_NAME = AppIcon;
				CODE_SIGN_ENTITLEMENTS = iChatter/iChatterDebug.entitlements;
				CODE_SIGN_IDENTITY = "Apple Development";
				CODE_SIGN_STYLE = Automatic;
				DEVELOPMENT_TEAM = L5Q8584KE5;
				INFOPLIST_FILE = iChatter/Info.plist;
				IPHONEOS_DEPLOYMENT_TARGET = 13.0;
				LD_RUNPATH_SEARCH_PATHS = (
					"$(inherited)",
					"@executable_path/Frameworks",
				);
				PRODUCT_BUNDLE_IDENTIFIER = vn.testing.app;
				PRODUCT_NAME = "$(TARGET_NAME)";
				PROVISIONING_PROFILE_SPECIFIER = "";
				SWIFT_VERSION = 5.0;
				TARGETED_DEVICE_FAMILY = "1,2";
			};
			name = Debug;
		};
		BDC90798244A035E008C041C /* Release */ = {
			isa = XCBuildConfiguration;
			baseConfigurationReference = 19F6A36D71D46D076276F853 /* Pods-iChatter.release.xcconfig */;
			buildSettings = {
				ASSETCATALOG_COMPILER_APPICON_NAME = AppIcon;
				CODE_SIGN_ENTITLEMENTS = iChatter/iChatter.entitlements;
				CODE_SIGN_IDENTITY = "iPhone Developer";
				CODE_SIGN_STYLE = Manual;
				DEVELOPMENT_TEAM = L5Q8584KE5;
				INFOPLIST_FILE = iChatter/Info.plist;
				IPHONEOS_DEPLOYMENT_TARGET = 13.0;
				LD_RUNPATH_SEARCH_PATHS = (
					"$(inherited)",
					"@executable_path/Frameworks",
				);
				PRODUCT_BUNDLE_IDENTIFIER = vn.testing.app;
				PRODUCT_NAME = "$(TARGET_NAME)";
				PROVISIONING_PROFILE_SPECIFIER = dev1_provisioning_iChatter;
				SWIFT_VERSION = 5.0;
				TARGETED_DEVICE_FAMILY = "1,2";
			};
			name = Release;
		};
/* End XCBuildConfiguration section */

/* Begin XCConfigurationList section */
		BDC9077D244A0353008C041C /* Build configuration list for PBXProject "iChatter" */ = {
			isa = XCConfigurationList;
			buildConfigurations = (
				BDC90794244A035E008C041C /* Debug */,
				BDC90795244A035E008C041C /* Release */,
			);
			defaultConfigurationIsVisible = 0;
			defaultConfigurationName = Release;
		};
		BDC90796244A035E008C041C /* Build configuration list for PBXNativeTarget "iChatter" */ = {
			isa = XCConfigurationList;
			buildConfigurations = (
				BDC90797244A035E008C041C /* Debug */,
				BDC90798244A035E008C041C /* Release */,
			);
			defaultConfigurationIsVisible = 0;
			defaultConfigurationName = Release;
		};
/* End XCConfigurationList section */
	};
	rootObject = BDC9077A244A0353008C041C /* Project object */;
}
