// !$*UTF8*$!
{
	archiveVersion = 1;
	classes = {
	};
	objectVersion = 51;
	objects = {

/* Begin PBXBuildFile section */
		BD00771924812CD700171B2F /* LoginPresenter.swift in Sources */ = {isa = PBXBuildFile; fileRef = BD00771824812CD700171B2F /* LoginPresenter.swift */; };
		BD17050124851CDE00FD84FE /* GoogleService-Info.plist in Resources */ = {isa = PBXBuildFile; fileRef = BD17050024851CDD00FD84FE /* GoogleService-Info.plist */; };
		BD41D9BD2490F145009AB858 /* LoginEmailController.swift in Sources */ = {isa = PBXBuildFile; fileRef = BD41D9BC2490F145009AB858 /* LoginEmailController.swift */; };
		BD41D9C02490F3A0009AB858 /* RegisterViewController.swift in Sources */ = {isa = PBXBuildFile; fileRef = BD41D9BF2490F3A0009AB858 /* RegisterViewController.swift */; };
		BD693EDF245843810093F643 /* ChatViewController.swift in Sources */ = {isa = PBXBuildFile; fileRef = BD693EDE245843810093F643 /* ChatViewController.swift */; };
		BD693EE2245844130093F643 /* BaseStoryBoard.swift in Sources */ = {isa = PBXBuildFile; fileRef = BD693EE1245844130093F643 /* BaseStoryBoard.swift */; };
		BD693EE4245845660093F643 /* MainStoryBoard.swift in Sources */ = {isa = PBXBuildFile; fileRef = BD693EE3245845660093F643 /* MainStoryBoard.swift */; };
		BD693EE6245845840093F643 /* HomeStoryBoard.swift in Sources */ = {isa = PBXBuildFile; fileRef = BD693EE5245845840093F643 /* HomeStoryBoard.swift */; };
		BD72D17724516C2700DC1B10 /* Location.swift in Sources */ = {isa = PBXBuildFile; fileRef = BD72D17624516C2700DC1B10 /* Location.swift */; };
		BD72D17A24516CFA00DC1B10 /* LocationsStorage.swift in Sources */ = {isa = PBXBuildFile; fileRef = BD72D17924516CFA00DC1B10 /* LocationsStorage.swift */; };
		BD73BA9724939439001A62D6 /* RegisterSuccessController.swift in Sources */ = {isa = PBXBuildFile; fileRef = BD73BA9624939439001A62D6 /* RegisterSuccessController.swift */; };
		BD73BA9A2493A78A001A62D6 /* Channel.swift in Sources */ = {isa = PBXBuildFile; fileRef = BD73BA992493A78A001A62D6 /* Channel.swift */; };
		BD90F9C3244C991C00FF366A /* Home.storyboard in Resources */ = {isa = PBXBuildFile; fileRef = BD90F9C2244C991C00FF366A /* Home.storyboard */; };
		BD90F9C8244E04FC00FF366A /* SenderTextMessageViewCell.swift in Sources */ = {isa = PBXBuildFile; fileRef = BD90F9C7244E04FC00FF366A /* SenderTextMessageViewCell.swift */; };
		BD90F9CB244E052F00FF366A /* SenderMessageItem.swift in Sources */ = {isa = PBXBuildFile; fileRef = BD90F9CA244E052F00FF366A /* SenderMessageItem.swift */; };
		BD90F9CD244E066600FF366A /* SenderImageMessageViewCell.swift in Sources */ = {isa = PBXBuildFile; fileRef = BD90F9CC244E066600FF366A /* SenderImageMessageViewCell.swift */; };
		BD90F9CF244E068500FF366A /* MyTextMessageViewCell.swift in Sources */ = {isa = PBXBuildFile; fileRef = BD90F9CE244E068500FF366A /* MyTextMessageViewCell.swift */; };
		BD90F9D1244E069500FF366A /* MyImageMessageViewCell.swift in Sources */ = {isa = PBXBuildFile; fileRef = BD90F9D0244E069500FF366A /* MyImageMessageViewCell.swift */; };
		BDC90786244A0354008C041C /* AppDelegate.swift in Sources */ = {isa = PBXBuildFile; fileRef = BDC90785244A0354008C041C /* AppDelegate.swift */; };
		BDC90788244A0354008C041C /* SceneDelegate.swift in Sources */ = {isa = PBXBuildFile; fileRef = BDC90787244A0354008C041C /* SceneDelegate.swift */; };
		BDC9078A244A0354008C041C /* LoginViewController.swift in Sources */ = {isa = PBXBuildFile; fileRef = BDC90789244A0354008C041C /* LoginViewController.swift */; };
		BDC9078D244A0354008C041C /* Main.storyboard in Resources */ = {isa = PBXBuildFile; fileRef = BDC9078B244A0354008C041C /* Main.storyboard */; };
		BDC9078F244A035E008C041C /* Assets.xcassets in Resources */ = {isa = PBXBuildFile; fileRef = BDC9078E244A035E008C041C /* Assets.xcassets */; };
		BDC90792244A035E008C041C /* LaunchScreen.storyboard in Resources */ = {isa = PBXBuildFile; fileRef = BDC90790244A035E008C041C /* LaunchScreen.storyboard */; };
		BDEAD6EC248E531300740843 /* BaseViewController.swift in Sources */ = {isa = PBXBuildFile; fileRef = BDEAD6EB248E531300740843 /* BaseViewController.swift */; };
		FA284CB6BE92441EDA4F72EC /* Pods_iChatter.framework in Frameworks */ = {isa = PBXBuildFile; fileRef = A93800A00F2ECF7C2047AFEB /* Pods_iChatter.framework */; };
/* End PBXBuildFile section */

/* Begin PBXFileReference section */
		19F6A36D71D46D076276F853 /* Pods-iChatter.release.xcconfig */ = {isa = PBXFileReference; includeInIndex = 1; lastKnownFileType = text.xcconfig; name = "Pods-iChatter.release.xcconfig"; path = "Target Support Files/Pods-iChatter/Pods-iChatter.release.xcconfig"; sourceTree = "<group>"; };
		7BFA620165862BB32AD3B2CB /* Pods-iChatter.debug.xcconfig */ = {isa = PBXFileReference; includeInIndex = 1; lastKnownFileType = text.xcconfig; name = "Pods-iChatter.debug.xcconfig"; path = "Target Support Files/Pods-iChatter/Pods-iChatter.debug.xcconfig"; sourceTree = "<group>"; };
		A93800A00F2ECF7C2047AFEB /* Pods_iChatter.framework */ = {isa = PBXFileReference; explicitFileType = wrapper.framework; includeInIndex = 0; path = Pods_iChatter.framework; sourceTree = BUILT_PRODUCTS_DIR; };
		BD00771824812CD700171B2F /* LoginPresenter.swift */ = {isa = PBXFileReference; lastKnownFileType = sourcecode.swift; path = LoginPresenter.swift; sourceTree = "<group>"; };
		BD1704FF2485197200FD84FE /* iChatter.entitlements */ = {isa = PBXFileReference; lastKnownFileType = text.plist.entitlements; path = iChatter.entitlements; sourceTree = "<group>"; };
		BD17050024851CDD00FD84FE /* GoogleService-Info.plist */ = {isa = PBXFileReference; fileEncoding = 4; lastKnownFileType = text.plist.xml; path = "GoogleService-Info.plist"; sourceTree = "<group>"; };
		BD41D9BC2490F145009AB858 /* LoginEmailController.swift */ = {isa = PBXFileReference; lastKnownFileType = sourcecode.swift; path = LoginEmailController.swift; sourceTree = "<group>"; };
		BD41D9BF2490F3A0009AB858 /* RegisterViewController.swift */ = {isa = PBXFileReference; lastKnownFileType = sourcecode.swift; path = RegisterViewController.swift; sourceTree = "<group>"; };
		BD693EDE245843810093F643 /* ChatViewController.swift */ = {isa = PBXFileReference; lastKnownFileType = sourcecode.swift; path = ChatViewController.swift; sourceTree = "<group>"; };
		BD693EE1245844130093F643 /* BaseStoryBoard.swift */ = {isa = PBXFileReference; lastKnownFileType = sourcecode.swift; path = BaseStoryBoard.swift; sourceTree = "<group>"; };
		BD693EE3245845660093F643 /* MainStoryBoard.swift */ = {isa = PBXFileReference; lastKnownFileType = sourcecode.swift; path = MainStoryBoard.swift; sourceTree = "<group>"; };
		BD693EE5245845840093F643 /* HomeStoryBoard.swift */ = {isa = PBXFileReference; lastKnownFileType = sourcecode.swift; path = HomeStoryBoard.swift; sourceTree = "<group>"; };
		BD72D17624516C2700DC1B10 /* Location.swift */ = {isa = PBXFileReference; lastKnownFileType = sourcecode.swift; path = Location.swift; sourceTree = "<group>"; };
		BD72D17924516CFA00DC1B10 /* LocationsStorage.swift */ = {isa = PBXFileReference; lastKnownFileType = sourcecode.swift; path = LocationsStorage.swift; sourceTree = "<group>"; };
		BD73BA9624939439001A62D6 /* RegisterSuccessController.swift */ = {isa = PBXFileReference; lastKnownFileType = sourcecode.swift; path = RegisterSuccessController.swift; sourceTree = "<group>"; };
		BD73BA992493A78A001A62D6 /* Channel.swift */ = {isa = PBXFileReference; lastKnownFileType = sourcecode.swift; path = Channel.swift; sourceTree = "<group>"; };
		BD90F9C2244C991C00FF366A /* Home.storyboard */ = {isa = PBXFileReference; lastKnownFileType = file.storyboard; path = Home.storyboard; sourceTree = "<group>"; };
		BD90F9C7244E04FC00FF366A /* SenderTextMessageViewCell.swift */ = {isa = PBXFileReference; lastKnownFileType = sourcecode.swift; path = SenderTextMessageViewCell.swift; sourceTree = "<group>"; };
		BD90F9CA244E052F00FF366A /* SenderMessageItem.swift */ = {isa = PBXFileReference; lastKnownFileType = sourcecode.swift; path = SenderMessageItem.swift; sourceTree = "<group>"; };
		BD90F9CC244E066600FF366A /* SenderImageMessageViewCell.swift */ = {isa = PBXFileReference; lastKnownFileType = sourcecode.swift; path = SenderImageMessageViewCell.swift; sourceTree = "<group>"; };
		BD90F9CE244E068500FF366A /* MyTextMessageViewCell.swift */ = {isa = PBXFileReference; lastKnownFileType = sourcecode.swift; path = MyTextMessageViewCell.swift; sourceTree = "<group>"; };
		BD90F9D0244E069500FF366A /* MyImageMessageViewCell.swift */ = {isa = PBXFileReference; lastKnownFileType = sourcecode.swift; path = MyImageMessageViewCell.swift; sourceTree = "<group>"; };
		BDC90782244A0353008C041C /* iChatter.app */ = {isa = PBXFileReference; explicitFileType = wrapper.application; includeInIndex = 0; path = iChatter.app; sourceTree = BUILT_PRODUCTS_DIR; };
		BDC90785244A0354008C041C /* AppDelegate.swift */ = {isa = PBXFileReference; lastKnownFileType = sourcecode.swift; path = AppDelegate.swift; sourceTree = "<group>"; };
		BDC90787244A0354008C041C /* SceneDelegate.swift */ = {isa = PBXFileReference; lastKnownFileType = sourcecode.swift; path = SceneDelegate.swift; sourceTree = "<group>"; };
		BDC90789244A0354008C041C /* LoginViewController.swift */ = {isa = PBXFileReference; lastKnownFileType = sourcecode.swift; path = LoginViewController.swift; sourceTree = "<group>"; };
		BDC9078C244A0354008C041C /* Base */ = {isa = PBXFileReference; lastKnownFileType = file.storyboard; name = Base; path = Base.lproj/Main.storyboard; sourceTree = "<group>"; };
		BDC9078E244A035E008C041C /* Assets.xcassets */ = {isa = PBXFileReference; lastKnownFileType = folder.assetcatalog; path = Assets.xcassets; sourceTree = "<group>"; };
		BDC90791244A035E008C041C /* Base */ = {isa = PBXFileReference; lastKnownFileType = file.storyboard; name = Base; path = Base.lproj/LaunchScreen.storyboard; sourceTree = "<group>"; };
		BDC90793244A035E008C041C /* Info.plist */ = {isa = PBXFileReference; lastKnownFileType = text.plist.xml; path = Info.plist; sourceTree = "<group>"; };
		BDEAD6EB248E531300740843 /* BaseViewController.swift */ = {isa = PBXFileReference; lastKnownFileType = sourcecode.swift; path = BaseViewController.swift; sourceTree = "<group>"; };
/* End PBXFileReference section */

/* Begin PBXFrameworksBuildPhase section */
		BDC9077F244A0353008C041C /* Frameworks */ = {
			isa = PBXFrameworksBuildPhase;
			buildActionMask = 2147483647;
			files = (
				FA284CB6BE92441EDA4F72EC /* Pods_iChatter.framework in Frameworks */,
			);
			runOnlyForDeploymentPostprocessing = 0;
		};
/* End PBXFrameworksBuildPhase section */

/* Begin PBXGroup section */
		B39CCB41A90A7FCD6D757DD7 /* Frameworks */ = {
			isa = PBXGroup;
			children = (
				A93800A00F2ECF7C2047AFEB /* Pods_iChatter.framework */,
			);
			name = Frameworks;
			sourceTree = "<group>";
		};
		BD00771524812BAC00171B2F /* Login */ = {
			isa = PBXGroup;
			children = (
				BDC90789244A0354008C041C /* LoginViewController.swift */,
				BD00771824812CD700171B2F /* LoginPresenter.swift */,
				BD41D9BC2490F145009AB858 /* LoginEmailController.swift */,
			);
			path = Login;
			sourceTree = "<group>";
		};
		BD41D9BE2490F390009AB858 /* Register */ = {
			isa = PBXGroup;
			children = (
				BD41D9BF2490F3A0009AB858 /* RegisterViewController.swift */,
				BD73BA9624939439001A62D6 /* RegisterSuccessController.swift */,
			);
			path = Register;
			sourceTree = "<group>";
		};
		BD693EE0245843FE0093F643 /* Helper */ = {
			isa = PBXGroup;
			children = (
				BD693EE1245844130093F643 /* BaseStoryBoard.swift */,
				BD693EE3245845660093F643 /* MainStoryBoard.swift */,
				BD693EE5245845840093F643 /* HomeStoryBoard.swift */,
			);
			path = Helper;
			sourceTree = "<group>";
		};
		BD693EE724584AD30093F643 /* Storyboard */ = {
			isa = PBXGroup;
			children = (
				BDC9078B244A0354008C041C /* Main.storyboard */,
				BD90F9C2244C991C00FF366A /* Home.storyboard */,
			);
			path = Storyboard;
			sourceTree = "<group>";
		};
		BD72D17824516CEB00DC1B10 /* Storage */ = {
			isa = PBXGroup;
			children = (
				BD72D17924516CFA00DC1B10 /* LocationsStorage.swift */,
			);
			path = Storage;
			sourceTree = "<group>";
		};
		BD73BA982493A770001A62D6 /* NotificationCenter */ = {
			isa = PBXGroup;
			children = (
				BD73BA992493A78A001A62D6 /* Channel.swift */,
			);
			path = NotificationCenter;
			sourceTree = "<group>";
		};
		BD90F9C4244E049500FF366A /* Controller */ = {
			isa = PBXGroup;
			children = (
				BD41D9BE2490F390009AB858 /* Register */,
				BDEAD6EA248E526E00740843 /* Presenter */,
				BD00771524812BAC00171B2F /* Login */,
				BD90F9C5244E049B00FF366A /* Chat */,
				BDEAD6EB248E531300740843 /* BaseViewController.swift */,
			);
			path = Controller;
			sourceTree = "<group>";
		};
		BD90F9C5244E049B00FF366A /* Chat */ = {
			isa = PBXGroup;
			children = (
				BD90F9C9244E050A00FF366A /* Cell */,
				BD693EDE245843810093F643 /* ChatViewController.swift */,
			);
			path = Chat;
			sourceTree = "<group>";
		};
		BD90F9C6244E04A700FF366A /* Model */ = {
			isa = PBXGroup;
			children = (
				BD90F9CA244E052F00FF366A /* SenderMessageItem.swift */,
				BD72D17624516C2700DC1B10 /* Location.swift */,
			);
			path = Model;
			sourceTree = "<group>";
		};
		BD90F9C9244E050A00FF366A /* Cell */ = {
			isa = PBXGroup;
			children = (
				BD90F9C7244E04FC00FF366A /* SenderTextMessageViewCell.swift */,
				BD90F9CC244E066600FF366A /* SenderImageMessageViewCell.swift */,
				BD90F9CE244E068500FF366A /* MyTextMessageViewCell.swift */,
				BD90F9D0244E069500FF366A /* MyImageMessageViewCell.swift */,
			);
			path = Cell;
			sourceTree = "<group>";
		};
		BDC90779244A0353008C041C = {
			isa = PBXGroup;
			children = (
				BDC90784244A0353008C041C /* iChatter */,
				BDC90783244A0353008C041C /* Products */,
				F9D7F2464F3F180CE1B66578 /* Pods */,
				B39CCB41A90A7FCD6D757DD7 /* Frameworks */,
			);
			sourceTree = "<group>";
		};
		BDC90783244A0353008C041C /* Products */ = {
			isa = PBXGroup;
			children = (
				BDC90782244A0353008C041C /* iChatter.app */,
			);
			name = Products;
			sourceTree = "<group>";
		};
		BDC90784244A0353008C041C /* iChatter */ = {
			isa = PBXGroup;
			children = (
				BD73BA982493A770001A62D6 /* NotificationCenter */,
				BD1704FF2485197200FD84FE /* iChatter.entitlements */,
				BD693EE724584AD30093F643 /* Storyboard */,
				BD693EE0245843FE0093F643 /* Helper */,
				BD72D17824516CEB00DC1B10 /* Storage */,
				BD90F9C6244E04A700FF366A /* Model */,
				BD90F9C4244E049500FF366A /* Controller */,
				BDC90785244A0354008C041C /* AppDelegate.swift */,
				BDC90787244A0354008C041C /* SceneDelegate.swift */,
				BDC9078E244A035E008C041C /* Assets.xcassets */,
				BD17050024851CDD00FD84FE /* GoogleService-Info.plist */,
				BDC90790244A035E008C041C /* LaunchScreen.storyboard */,
				BDC90793244A035E008C041C /* Info.plist */,
			);
			path = iChatter;
			sourceTree = "<group>";
		};
		BDEAD6EA248E526E00740843 /* Presenter */ = {
			isa = PBXGroup;
			children = (
			);
			path = Presenter;
			sourceTree = "<group>";
		};
		F9D7F2464F3F180CE1B66578 /* Pods */ = {
			isa = PBXGroup;
			children = (
				7BFA620165862BB32AD3B2CB /* Pods-iChatter.debug.xcconfig */,
				19F6A36D71D46D076276F853 /* Pods-iChatter.release.xcconfig */,
			);
			path = Pods;
			sourceTree = "<group>";
		};
/* End PBXGroup section */

/* Begin PBXNativeTarget section */
		BDC90781244A0353008C041C /* iChatter */ = {
			isa = PBXNativeTarget;
			buildConfigurationList = BDC90796244A035E008C041C /* Build configuration list for PBXNativeTarget "iChatter" */;
			buildPhases = (
				55D1370E72AA9FE11E9FF027 /* [CP] Check Pods Manifest.lock */,
				BDC9077E244A0353008C041C /* Sources */,
				BDC9077F244A0353008C041C /* Frameworks */,
				BDC90780244A0353008C041C /* Resources */,
				0498DFE4A1DDB1F877FA1C48 /* [CP] Embed Pods Frameworks */,
				114835C87E4C9E4E19AC658F /* [CP] Copy Pods Resources */,
			);
			buildRules = (
			);
			dependencies = (
			);
			name = iChatter;
			productName = iChatter;
			productReference = BDC90782244A0353008C041C /* iChatter.app */;
			productType = "com.apple.product-type.application";
		};
/* End PBXNativeTarget section */

/* Begin PBXProject section */
		BDC9077A244A0353008C041C /* Project object */ = {
			isa = PBXProject;
			attributes = {
				LastSwiftUpdateCheck = 1140;
				LastUpgradeCheck = 1140;
				ORGANIZATIONNAME = "NAL Viet Nam";
				TargetAttributes = {
					BDC90781244A0353008C041C = {
						CreatedOnToolsVersion = 11.4;
					};
				};
			};
			buildConfigurationList = BDC9077D244A0353008C041C /* Build configuration list for PBXProject "iChatter" */;
			compatibilityVersion = "Xcode 9.3";
			developmentRegion = en;
			hasScannedForEncodings = 0;
			knownRegions = (
				en,
				Base,
			);
			mainGroup = BDC90779244A0353008C041C;
			productRefGroup = BDC90783244A0353008C041C /* Products */;
			projectDirPath = "";
			projectRoot = "";
			targets = (
				BDC90781244A0353008C041C /* iChatter */,
			);
		};
/* End PBXProject section */

/* Begin PBXResourcesBuildPhase section */
		BDC90780244A0353008C041C /* Resources */ = {
			isa = PBXResourcesBuildPhase;
			buildActionMask = 2147483647;
			files = (
				BDC90792244A035E008C041C /* LaunchScreen.storyboard in Resources */,
				BDC9078F244A035E008C041C /* Assets.xcassets in Resources */,
				BDC9078D244A0354008C041C /* Main.storyboard in Resources */,
				BD90F9C3244C991C00FF366A /* Home.storyboard in Resources */,
				BD17050124851CDE00FD84FE /* GoogleService-Info.plist in Resources */,
			);
			runOnlyForDeploymentPostprocessing = 0;
		};
/* End PBXResourcesBuildPhase section */

/* Begin PBXShellScriptBuildPhase section */
		0498DFE4A1DDB1F877FA1C48 /* [CP] Embed Pods Frameworks */ = {
			isa = PBXShellScriptBuildPhase;
			buildActionMask = 2147483647;
			files = (
			);
			inputFileListPaths = (
				"${PODS_ROOT}/Target Support Files/Pods-iChatter/Pods-iChatter-frameworks-${CONFIGURATION}-input-files.xcfilelist",
			);
			name = "[CP] Embed Pods Frameworks";
			outputFileListPaths = (
				"${PODS_ROOT}/Target Support Files/Pods-iChatter/Pods-iChatter-frameworks-${CONFIGURATION}-output-files.xcfilelist",
			);
			runOnlyForDeploymentPostprocessing = 0;
			shellPath = /bin/sh;
			shellScript = "\"${PODS_ROOT}/Target Support Files/Pods-iChatter/Pods-iChatter-frameworks.sh\"\n";
			showEnvVarsInLog = 0;
		};
		114835C87E4C9E4E19AC658F /* [CP] Copy Pods Resources */ = {
			isa = PBXShellScriptBuildPhase;
			buildActionMask = 2147483647;
			files = (
			);
			inputFileListPaths = (
				"${PODS_ROOT}/Target Support Files/Pods-iChatter/Pods-iChatter-resources-${CONFIGURATION}-input-files.xcfilelist",
			);
			name = "[CP] Copy Pods Resources";
			outputFileListPaths = (
				"${PODS_ROOT}/Target Support Files/Pods-iChatter/Pods-iChatter-resources-${CONFIGURATION}-output-files.xcfilelist",
			);
			runOnlyForDeploymentPostprocessing = 0;
			shellPath = /bin/sh;
			shellScript = "\"${PODS_ROOT}/Target Support Files/Pods-iChatter/Pods-iChatter-resources.sh\"\n";
			showEnvVarsInLog = 0;
		};
		55D1370E72AA9FE11E9FF027 /* [CP] Check Pods Manifest.lock */ = {
			isa = PBXShellScriptBuildPhase;
			buildActionMask = 2147483647;
			files = (
			);
			inputFileListPaths = (
			);
			inputPaths = (
				"${PODS_PODFILE_DIR_PATH}/Podfile.lock",
				"${PODS_ROOT}/Manifest.lock",
			);
			name = "[CP] Check Pods Manifest.lock";
			outputFileListPaths = (
			);
			outputPaths = (
				"$(DERIVED_FILE_DIR)/Pods-iChatter-checkManifestLockResult.txt",
			);
			runOnlyForDeploymentPostprocessing = 0;
			shellPath = /bin/sh;
			shellScript = "diff \"${PODS_PODFILE_DIR_PATH}/Podfile.lock\" \"${PODS_ROOT}/Manifest.lock\" > /dev/null\nif [ $? != 0 ] ; then\n    # print error to STDERR\n    echo \"error: The sandbox is not in sync with the Podfile.lock. Run 'pod install' or update your CocoaPods installation.\" >&2\n    exit 1\nfi\n# This output is used by Xcode 'outputs' to avoid re-running this script phase.\necho \"SUCCESS\" > \"${SCRIPT_OUTPUT_FILE_0}\"\n";
			showEnvVarsInLog = 0;
		};
/* End PBXShellScriptBuildPhase section */

/* Begin PBXSourcesBuildPhase section */
		BDC9077E244A0353008C041C /* Sources */ = {
			isa = PBXSourcesBuildPhase;
			buildActionMask = 2147483647;
			files = (
				BD90F9D1244E069500FF366A /* MyImageMessageViewCell.swift in Sources */,
				BD73BA9A2493A78A001A62D6 /* Channel.swift in Sources */,
				BDC9078A244A0354008C041C /* LoginViewController.swift in Sources */,
				BD693EDF245843810093F643 /* ChatViewController.swift in Sources */,
				BDC90786244A0354008C041C /* AppDelegate.swift in Sources */,
				BD693EE4245845660093F643 /* MainStoryBoard.swift in Sources */,
				BD73BA9724939439001A62D6 /* RegisterSuccessController.swift in Sources */,
				BD90F9CF244E068500FF366A /* MyTextMessageViewCell.swift in Sources */,
				BD72D17724516C2700DC1B10 /* Location.swift in Sources */,
				BD41D9BD2490F145009AB858 /* LoginEmailController.swift in Sources */,
				BD693EE2245844130093F643 /* BaseStoryBoard.swift in Sources */,
				BD41D9C02490F3A0009AB858 /* RegisterViewController.swift in Sources */,
				BD90F9CD244E066600FF366A /* SenderImageMessageViewCell.swift in Sources */,
				BD00771924812CD700171B2F /* LoginPresenter.swift in Sources */,
				BD90F9CB244E052F00FF366A /* SenderMessageItem.swift in Sources */,
				BDC90788244A0354008C041C /* SceneDelegate.swift in Sources */,
				BD72D17A24516CFA00DC1B10 /* LocationsStorage.swift in Sources */,
				BDEAD6EC248E531300740843 /* BaseViewController.swift in Sources */,
				BD90F9C8244E04FC00FF366A /* SenderTextMessageViewCell.swift in Sources */,
				BD693EE6245845840093F643 /* HomeStoryBoard.swift in Sources */,
			);
			runOnlyForDeploymentPostprocessing = 0;
		};
/* End PBXSourcesBuildPhase section */

/* Begin PBXVariantGroup section */
		BDC9078B244A0354008C041C /* Main.storyboard */ = {
			isa = PBXVariantGroup;
			children = (
				BDC9078C244A0354008C041C /* Base */,
			);
			name = Main.storyboard;
			sourceTree = "<group>";
		};
		BDC90790244A035E008C041C /* LaunchScreen.storyboard */ = {
			isa = PBXVariantGroup;
			children = (
				BDC90791244A035E008C041C /* Base */,
			);
			name = LaunchScreen.storyboard;
			sourceTree = "<group>";
		};
/* End PBXVariantGroup section */

/* Begin XCBuildConfiguration section */
		BDC90794244A035E008C041C /* Debug */ = {
			isa = XCBuildConfiguration;
			buildSettings = {
				ALWAYS_SEARCH_USER_PATHS = NO;
				CLANG_ANALYZER_NONNULL = YES;
				CLANG_ANALYZER_NUMBER_OBJECT_CONVERSION = YES_AGGRESSIVE;
				CLANG_CXX_LANGUAGE_STANDARD = "gnu++14";
				CLANG_CXX_LIBRARY = "libc++";
				CLANG_ENABLE_MODULES = YES;
				CLANG_ENABLE_OBJC_ARC = YES;
				CLANG_ENABLE_OBJC_WEAK = YES;
				CLANG_WARN_BLOCK_CAPTURE_AUTORELEASING = YES;
				CLANG_WARN_BOOL_CONVERSION = YES;
				CLANG_WARN_COMMA = YES;
				CLANG_WARN_CONSTANT_CONVERSION = YES;
				CLANG_WARN_DEPRECATED_OBJC_IMPLEMENTATIONS = YES;
				CLANG_WARN_DIRECT_OBJC_ISA_USAGE = YES_ERROR;
				CLANG_WARN_DOCUMENTATION_COMMENTS = YES;
				CLANG_WARN_EMPTY_BODY = YES;
				CLANG_WARN_ENUM_CONVERSION = YES;
				CLANG_WARN_INFINITE_RECURSION = YES;
				CLANG_WARN_INT_CONVERSION = YES;
				CLANG_WARN_NON_LITERAL_NULL_CONVERSION = YES;
				CLANG_WARN_OBJC_IMPLICIT_RETAIN_SELF = YES;
				CLANG_WARN_OBJC_LITERAL_CONVERSION = YES;
				CLANG_WARN_OBJC_ROOT_CLASS = YES_ERROR;
				CLANG_WARN_RANGE_LOOP_ANALYSIS = YES;
				CLANG_WARN_STRICT_PROTOTYPES = YES;
				CLANG_WARN_SUSPICIOUS_MOVE = YES;
				CLANG_WARN_UNGUARDED_AVAILABILITY = YES_AGGRESSIVE;
				CLANG_WARN_UNREACHABLE_CODE = YES;
				CLANG_WARN__DUPLICATE_METHOD_MATCH = YES;
				COPY_PHASE_STRIP = NO;
				DEBUG_INFORMATION_FORMAT = dwarf;
				ENABLE_STRICT_OBJC_MSGSEND = YES;
				ENABLE_TESTABILITY = YES;
				GCC_C_LANGUAGE_STANDARD = gnu11;
				GCC_DYNAMIC_NO_PIC = NO;
				GCC_NO_COMMON_BLOCKS = YES;
				GCC_OPTIMIZATION_LEVEL = 0;
				GCC_PREPROCESSOR_DEFINITIONS = (
					"DEBUG=1",
					"$(inherited)",
				);
				GCC_WARN_64_TO_32_BIT_CONVERSION = YES;
				GCC_WARN_ABOUT_RETURN_TYPE = YES_ERROR;
				GCC_WARN_UNDECLARED_SELECTOR = YES;
				GCC_WARN_UNINITIALIZED_AUTOS = YES_AGGRESSIVE;
				GCC_WARN_UNUSED_FUNCTION = YES;
				GCC_WARN_UNUSED_VARIABLE = YES;
				IPHONEOS_DEPLOYMENT_TARGET = 13.4;
				MTL_ENABLE_DEBUG_INFO = INCLUDE_SOURCE;
				MTL_FAST_MATH = YES;
				ONLY_ACTIVE_ARCH = YES;
				SDKROOT = iphoneos;
				SWIFT_ACTIVE_COMPILATION_CONDITIONS = DEBUG;
				SWIFT_OPTIMIZATION_LEVEL = "-Onone";
			};
			name = Debug;
		};
		BDC90795244A035E008C041C /* Release */ = {
			isa = XCBuildConfiguration;
			buildSettings = {
				ALWAYS_SEARCH_USER_PATHS = NO;
				CLANG_ANALYZER_NONNULL = YES;
				CLANG_ANALYZER_NUMBER_OBJECT_CONVERSION = YES_AGGRESSIVE;
				CLANG_CXX_LANGUAGE_STANDARD = "gnu++14";
				CLANG_CXX_LIBRARY = "libc++";
				CLANG_ENABLE_MODULES = YES;
				CLANG_ENABLE_OBJC_ARC = YES;
				CLANG_ENABLE_OBJC_WEAK = YES;
				CLANG_WARN_BLOCK_CAPTURE_AUTORELEASING = YES;
				CLANG_WARN_BOOL_CONVERSION = YES;
				CLANG_WARN_COMMA = YES;
				CLANG_WARN_CONSTANT_CONVERSION = YES;
				CLANG_WARN_DEPRECATED_OBJC_IMPLEMENTATIONS = YES;
				CLANG_WARN_DIRECT_OBJC_ISA_USAGE = YES_ERROR;
				CLANG_WARN_DOCUMENTATION_COMMENTS = YES;
				CLANG_WARN_EMPTY_BODY = YES;
				CLANG_WARN_ENUM_CONVERSION = YES;
				CLANG_WARN_INFINITE_RECURSION = YES;
				CLANG_WARN_INT_CONVERSION = YES;
				CLANG_WARN_NON_LITERAL_NULL_CONVERSION = YES;
				CLANG_WARN_OBJC_IMPLICIT_RETAIN_SELF = YES;
				CLANG_WARN_OBJC_LITERAL_CONVERSION = YES;
				CLANG_WARN_OBJC_ROOT_CLASS = YES_ERROR;
				CLANG_WARN_RANGE_LOOP_ANALYSIS = YES;
				CLANG_WARN_STRICT_PROTOTYPES = YES;
				CLANG_WARN_SUSPICIOUS_MOVE = YES;
				CLANG_WARN_UNGUARDED_AVAILABILITY = YES_AGGRESSIVE;
				CLANG_WARN_UNREACHABLE_CODE = YES;
				CLANG_WARN__DUPLICATE_METHOD_MATCH = YES;
				COPY_PHASE_STRIP = NO;
				DEBUG_INFORMATION_FORMAT = "dwarf-with-dsym";
				ENABLE_NS_ASSERTIONS = NO;
				ENABLE_STRICT_OBJC_MSGSEND = YES;
				GCC_C_LANGUAGE_STANDARD = gnu11;
				GCC_NO_COMMON_BLOCKS = YES;
				GCC_WARN_64_TO_32_BIT_CONVERSION = YES;
				GCC_WARN_ABOUT_RETURN_TYPE = YES_ERROR;
				GCC_WARN_UNDECLARED_SELECTOR = YES;
				GCC_WARN_UNINITIALIZED_AUTOS = YES_AGGRESSIVE;
				GCC_WARN_UNUSED_FUNCTION = YES;
				GCC_WARN_UNUSED_VARIABLE = YES;
				IPHONEOS_DEPLOYMENT_TARGET = 13.4;
				MTL_ENABLE_DEBUG_INFO = NO;
				MTL_FAST_MATH = YES;
				SDKROOT = iphoneos;
				SWIFT_COMPILATION_MODE = wholemodule;
				SWIFT_OPTIMIZATION_LEVEL = "-O";
				VALIDATE_PRODUCT = YES;
			};
			name = Release;
		};
		BDC90797244A035E008C041C /* Debug */ = {
			isa = XCBuildConfiguration;
			baseConfigurationReference = 7BFA620165862BB32AD3B2CB /* Pods-iChatter.debug.xcconfig */;
			buildSettings = {
				ASSETCATALOG_COMPILER_APPICON_NAME = AppIcon;
				CODE_SIGN_ENTITLEMENTS = iChatter/iChatter.entitlements;
				CODE_SIGN_IDENTITY = "Apple Development";
				CODE_SIGN_STYLE = Automatic;
				DEVELOPMENT_TEAM = L5Q8584KE5;
				INFOPLIST_FILE = iChatter/Info.plist;
				IPHONEOS_DEPLOYMENT_TARGET = 13.0;
				LD_RUNPATH_SEARCH_PATHS = (
					"$(inherited)",
					"@executable_path/Frameworks",
				);
				PRODUCT_BUNDLE_IDENTIFIER = class.iChatter;
				PRODUCT_NAME = "$(TARGET_NAME)";
				PROVISIONING_PROFILE_SPECIFIER = "";
				SWIFT_VERSION = 5.0;
				TARGETED_DEVICE_FAMILY = "1,2";
			};
			name = Debug;
		};
		BDC90798244A035E008C041C /* Release */ = {
			isa = XCBuildConfiguration;
			baseConfigurationReference = 19F6A36D71D46D076276F853 /* Pods-iChatter.release.xcconfig */;
			buildSettings = {
				ASSETCATALOG_COMPILER_APPICON_NAME = AppIcon;
				CODE_SIGN_ENTITLEMENTS = iChatter/iChatter.entitlements;
				CODE_SIGN_IDENTITY = "iPhone Developer";
				CODE_SIGN_STYLE = Manual;
				DEVELOPMENT_TEAM = L5Q8584KE5;
				INFOPLIST_FILE = iChatter/Info.plist;
				IPHONEOS_DEPLOYMENT_TARGET = 13.0;
				LD_RUNPATH_SEARCH_PATHS = (
					"$(inherited)",
					"@executable_path/Frameworks",
				);
				PRODUCT_BUNDLE_IDENTIFIER = class.iChatter;
				PRODUCT_NAME = "$(TARGET_NAME)";
				PROVISIONING_PROFILE_SPECIFIER = dev1_provisioning_iChatter;
				SWIFT_VERSION = 5.0;
				TARGETED_DEVICE_FAMILY = "1,2";
			};
			name = Release;
		};
/* End XCBuildConfiguration section */

/* Begin XCConfigurationList section */
		BDC9077D244A0353008C041C /* Build configuration list for PBXProject "iChatter" */ = {
			isa = XCConfigurationList;
			buildConfigurations = (
				BDC90794244A035E008C041C /* Debug */,
				BDC90795244A035E008C041C /* Release */,
			);
			defaultConfigurationIsVisible = 0;
			defaultConfigurationName = Release;
		};
		BDC90796244A035E008C041C /* Build configuration list for PBXNativeTarget "iChatter" */ = {
			isa = XCConfigurationList;
			buildConfigurations = (
				BDC90797244A035E008C041C /* Debug */,
				BDC90798244A035E008C041C /* Release */,
			);
			defaultConfigurationIsVisible = 0;
			defaultConfigurationName = Release;
		};
/* End XCConfigurationList section */
	};
	rootObject = BDC9077A244A0353008C041C /* Project object */;
}
